
Microsoft Visual Studio Solution File, Format Version 12.00
# Visual Studio Version 17
VisualStudioVersion = 17.8.34330.188
MinimumVisualStudioVersion = 10.0.40219.1
Project("{2150E333-8FDC-42A3-9474-1A3956D46DE8}") = "Engine", "Engine", "{1EB192D8-3358-49A1-8887-AE14885D0651}"
EndProject
Project("{8BC9CEB8-8B4A-11D0-8D11-00A0C91BC942}") = "SpringEngine", "Engine\SpringEngine\SpringEngine.vcxproj", "{493223D0-2810-4419-92FA-85D01358172A}"
EndProject
Project("{2150E333-8FDC-42A3-9474-1A3956D46DE8}") = "Framework", "Framework", "{7AC7C15C-4D75-4134-A969-AB7C533A7C92}"
EndProject
Project("{8BC9CEB8-8B4A-11D0-8D11-00A0C91BC942}") = "Core", "Framework\Core\Core.vcxproj", "{8F4B88B4-5E01-41EC-B493-C849695E3BEA}"
EndProject
Project("{8BC9CEB8-8B4A-11D0-8D11-00A0C91BC942}") = "Graphics", "Framework\Graphics\Graphics.vcxproj", "{B65D5DA0-642C-4BD6-B9F7-47AECF9CBB9B}"
EndProject
Project("{8BC9CEB8-8B4A-11D0-8D11-00A0C91BC942}") = "Math", "Framework\Math\Math.vcxproj", "{0662AAF0-58E9-4080-A9E6-3569922148BB}"
EndProject
Project("{2150E333-8FDC-42A3-9474-1A3956D46DE8}") = "VGP242", "VGP242", "{0CC862A2-784B-4F17-8D2E-A5C0EA266108}"
EndProject
Project("{8BC9CEB8-8B4A-11D0-8D11-00A0C91BC942}") = "01_HelloWindow", "VGP242\01_HelloWindow\01_HelloWindow.vcxproj", "{ACE54B45-25A4-461E-8E73-1C609ECD7C6F}"
EndProject
Project("{8BC9CEB8-8B4A-11D0-8D11-00A0C91BC942}") = "02_HelloShapes", "VGP242\02_HelloShapes\02_HelloShapes.vcxproj", "{B5E29179-311E-467F-9E51-A4BA5E6CEDDA}"
EndProject
Project("{2150E333-8FDC-42A3-9474-1A3956D46DE8}") = "Assets", "Assets", "{A0233C06-4343-44EE-9775-06633180C822}"
	ProjectSection(SolutionItems) = preProject
		Assets\Shaders\Terrain.fx = Assets\Shaders\Terrain.fx
	EndProjectSection
EndProject
Project("{2150E333-8FDC-42A3-9474-1A3956D46DE8}") = "Shaders", "Shaders", "{04549DBF-8F46-4D16-9166-1948C0780DA2}"
	ProjectSection(SolutionItems) = preProject
		Assets\Shaders\CelShader.fx = Assets\Shaders\CelShader.fx
		Assets\Shaders\DoNothing.fx = Assets\Shaders\DoNothing.fx
		Assets\Shaders\DoSomething.fx = Assets\Shaders\DoSomething.fx
		Assets\Shaders\DoTexturing.fx = Assets\Shaders\DoTexturing.fx
		Assets\Shaders\DoTransform.fx = Assets\Shaders\DoTransform.fx
		Assets\Shaders\Particle.fx = Assets\Shaders\Particle.fx
		Assets\Shaders\PostProcess.fx = Assets\Shaders\PostProcess.fx
		Assets\Shaders\Shadow.fx = Assets\Shaders\Shadow.fx
		Assets\Shaders\SimpleDraw.fx = Assets\Shaders\SimpleDraw.fx
		Assets\Shaders\Standard.fx = Assets\Shaders\Standard.fx
	EndProjectSection
EndProject
Project("{8BC9CEB8-8B4A-11D0-8D11-00A0C91BC942}") = "Input", "Framework\Input\Input.vcxproj", "{3629F01A-6FED-42EB-B308-E9F7F1346EAF}"
EndProject
Project("{8BC9CEB8-8B4A-11D0-8D11-00A0C91BC942}") = "03_HelloCube", "VGP242\03_HelloCube\03_HelloCube.vcxproj", "{34EBA08C-0F31-4C67-8C21-9C1F3743D307}"
EndProject
Project("{8BC9CEB8-8B4A-11D0-8D11-00A0C91BC942}") = "04_HelloMeshBuilder", "VGP242\04_HelloMeshBuilder\04_HelloMeshBuilder.vcxproj", "{BE9965AB-6CB1-4023-8098-D97740240253}"
EndProject
Project("{2150E333-8FDC-42A3-9474-1A3956D46DE8}") = "External", "External", "{C5BFC193-0FB4-4593-AE46-FC9EBC8283DA}"
EndProject
Project("{8BC9CEB8-8B4A-11D0-8D11-00A0C91BC942}") = "DirectXTK_Desktop_2019", "External\DirectXTK\DirectXTK_Desktop_2019.vcxproj", "{E0B52AE7-E160-4D32-BF3F-910B785E5A8E}"
EndProject
Project("{8BC9CEB8-8B4A-11D0-8D11-00A0C91BC942}") = "05_HelloSimpleDraw", "VGP242\05_HelloSimpleDraw\05_HelloSimpleDraw.vcxproj", "{65F2231D-FB85-4703-881B-260D58692533}"
EndProject
Project("{8BC9CEB8-8B4A-11D0-8D11-00A0C91BC942}") = "06_HelloImGui", "VGP242\06_HelloImGui\06_HelloImGui.vcxproj", "{228431E1-BC30-4170-A212-59BD12A4628A}"
EndProject
Project("{8BC9CEB8-8B4A-11D0-8D11-00A0C91BC942}") = "ImGui", "External\ImGui\ImGui.vcxproj", "{52D656A2-A2F4-4C54-A3C7-653427BED1E8}"
EndProject
Project("{8BC9CEB8-8B4A-11D0-8D11-00A0C91BC942}") = "07_HelloRenderTarget", "VGP242\07_HelloRenderTarget\07_HelloRenderTarget.vcxproj", "{655FDAF0-D851-44F1-9788-FDEC619C2818}"
EndProject
Project("{2150E333-8FDC-42A3-9474-1A3956D46DE8}") = "VGP330", "VGP330", "{FC036602-0739-42C2-984B-01187BE78843}"
EndProject
Project("{8BC9CEB8-8B4A-11D0-8D11-00A0C91BC942}") = "08_HelloLight", "VGP330\08_HelloLight\08_HelloLight.vcxproj", "{F565E1FA-D1AA-4A88-AC7E-3903B8CF8B3A}"
EndProject
Project("{2150E333-8FDC-42A3-9474-1A3956D46DE8}") = "Tools", "Tools", "{F9B9F22D-F3E8-470A-8470-13EC30EF628D}"
EndProject
Project("{8BC9CEB8-8B4A-11D0-8D11-00A0C91BC942}") = "ModelImpoter", "Tools\ModelImpoter\ModelImpoter.vcxproj", "{B04C3E0A-464B-4A0E-B97D-26EAC76B742A}"
EndProject
Project("{2150E333-8FDC-42A3-9474-1A3956D46DE8}") = "assimp", "assimp", "{79EADF18-78F9-4E4B-BD5E-5DF429E336A1}"
	ProjectSection(SolutionItems) = preProject
		External\assimp-5.2.5\bin\assimp-vc143-mt.dll = External\assimp-5.2.5\bin\assimp-vc143-mt.dll
		External\assimp-5.2.5\lib\assimp-vc143-mt.lib = External\assimp-5.2.5\lib\assimp-vc143-mt.lib
		External\assimp-5.2.5\bin\assimp-vc143-mtd.dll = External\assimp-5.2.5\bin\assimp-vc143-mtd.dll
		External\assimp-5.2.5\lib\assimp-vc143-mtd.lib = External\assimp-5.2.5\lib\assimp-vc143-mtd.lib
	EndProjectSection
EndProject
Project("{8BC9CEB8-8B4A-11D0-8D11-00A0C91BC942}") = "09_HelloModel", "VGP330\09_HelloModel\09_HelloModel.vcxproj", "{D6086ECE-8B21-4398-928F-1201A965CDE3}"
EndProject
Project("{8BC9CEB8-8B4A-11D0-8D11-00A0C91BC942}") = "10_HelloPostProcessing", "VGP330\10_HelloPostProcessing\10_HelloPostProcessing.vcxproj", "{39B73BB2-641E-4B58-951A-7CBD8CDC34DE}"
EndProject
Project("{8BC9CEB8-8B4A-11D0-8D11-00A0C91BC942}") = "11_HelloShadow", "VGP330\11_HelloShadow\11_HelloShadow.vcxproj", "{3B6E6A43-AD4F-4F84-813C-02CF063390FA}"
EndProject
Project("{8BC9CEB8-8B4A-11D0-8D11-00A0C91BC942}") = "12_HelloTerrain", "VGP330\12_HelloTerrain\12_HelloTerrain.vcxproj", "{0597EAF1-6B45-4307-83BA-AEE19F589DA2}"
EndProject
Project("{2150E333-8FDC-42A3-9474-1A3956D46DE8}") = "VGP334", "VGP334", "{70E41832-71BE-4D3A-81AE-5C2208D07717}"
EndProject
Project("{8BC9CEB8-8B4A-11D0-8D11-00A0C91BC942}") = "14_Hello_Quaterion", "VGP334\14_Hello_Quaterion\14_Hello_Quaterion.vcxproj", "{304EC411-05B9-46F2-AB27-A2C96E71A57A}"
EndProject
Project("{8BC9CEB8-8B4A-11D0-8D11-00A0C91BC942}") = "15_HelloAnimaition", "VGP334\15_HelloAnimaition\15_HelloAnimaition.vcxproj", "{0BA1E438-EF2C-4E33-9544-40529D653F2C}"
EndProject
Project("{8BC9CEB8-8B4A-11D0-8D11-00A0C91BC942}") = "16_HelloSkeleton", "VGP334\16_HelloSkeleton\16_HelloSkeleton.vcxproj", "{06639C43-0E16-4247-8F1F-7F76A970355E}"
EndProject
Project("{8BC9CEB8-8B4A-11D0-8D11-00A0C91BC942}") = "17_HelloSkeletonAnimation", "VGP334\17_HelloSkeletonAnimation\17_HelloSkeletonAnimation.vcxproj", "{907602BC-BA4E-409D-9ED8-9882CDBB6C4A}"
EndProject
Project("{8BC9CEB8-8B4A-11D0-8D11-00A0C91BC942}") = "Bullet", "External\Bullet\Bullet.vcxproj", "{516192EB-788A-4FE7-B2B7-2EF9AC036B12}"
EndProject
Project("{8BC9CEB8-8B4A-11D0-8D11-00A0C91BC942}") = "Physics", "Framework\Physics\Physics.vcxproj", "{18B60C67-7EAF-4087-8302-911061A640BD}"
EndProject
Project("{8BC9CEB8-8B4A-11D0-8D11-00A0C91BC942}") = "18_HelloPhysics", "VGP334\18_HelloPhysics\18_HelloPhysics.vcxproj", "{4026D811-4CE8-418F-8B31-09C1C02A54BC}"
EndProject
Project("{8BC9CEB8-8B4A-11D0-8D11-00A0C91BC942}") = "19_HelloSoftBody", "VGP334\19_HelloSoftBody\19_HelloSoftBody.vcxproj", "{1834BE74-7116-40A3-B44C-729D752C561F}"
EndProject
Project("{8BC9CEB8-8B4A-11D0-8D11-00A0C91BC942}") = "20_HelloParticleSystem", "VGP334\20_HelloParticleSystem\20_HelloParticleSystem.vcxproj", "{0B9B7920-2146-49BD-9699-F4294A5E5A2F}"
EndProject
Project("{8BC9CEB8-8B4A-11D0-8D11-00A0C91BC942}") = "21_HelloEvents", "VGP334\21_HelloEvents\21_HelloEvents.vcxproj", "{D9DE0E07-DE4B-46B8-86D8-E20344A13C84}"
EndProject
Project("{8BC9CEB8-8B4A-11D0-8D11-00A0C91BC942}") = "final", "VGP334\final\final.vcxproj", "{2DCB6BAF-1C9A-492C-9336-6405F0390CA8}"
EndProject
Global
	GlobalSection(SolutionConfigurationPlatforms) = preSolution
		Debug|x64 = Debug|x64
		Debug|x86 = Debug|x86
		Release|x64 = Release|x64
		Release|x86 = Release|x86
	EndGlobalSection
	GlobalSection(ProjectConfigurationPlatforms) = postSolution
		{493223D0-2810-4419-92FA-85D01358172A}.Debug|x64.ActiveCfg = Debug|x64
		{493223D0-2810-4419-92FA-85D01358172A}.Debug|x64.Build.0 = Debug|x64
		{493223D0-2810-4419-92FA-85D01358172A}.Debug|x86.ActiveCfg = Debug|Win32
		{493223D0-2810-4419-92FA-85D01358172A}.Debug|x86.Build.0 = Debug|Win32
		{493223D0-2810-4419-92FA-85D01358172A}.Release|x64.ActiveCfg = Release|x64
		{493223D0-2810-4419-92FA-85D01358172A}.Release|x64.Build.0 = Release|x64
		{493223D0-2810-4419-92FA-85D01358172A}.Release|x86.ActiveCfg = Release|Win32
		{493223D0-2810-4419-92FA-85D01358172A}.Release|x86.Build.0 = Release|Win32
		{8F4B88B4-5E01-41EC-B493-C849695E3BEA}.Debug|x64.ActiveCfg = Debug|x64
		{8F4B88B4-5E01-41EC-B493-C849695E3BEA}.Debug|x64.Build.0 = Debug|x64
		{8F4B88B4-5E01-41EC-B493-C849695E3BEA}.Debug|x86.ActiveCfg = Debug|Win32
		{8F4B88B4-5E01-41EC-B493-C849695E3BEA}.Debug|x86.Build.0 = Debug|Win32
		{8F4B88B4-5E01-41EC-B493-C849695E3BEA}.Release|x64.ActiveCfg = Release|x64
		{8F4B88B4-5E01-41EC-B493-C849695E3BEA}.Release|x64.Build.0 = Release|x64
		{8F4B88B4-5E01-41EC-B493-C849695E3BEA}.Release|x86.ActiveCfg = Release|Win32
		{8F4B88B4-5E01-41EC-B493-C849695E3BEA}.Release|x86.Build.0 = Release|Win32
		{B65D5DA0-642C-4BD6-B9F7-47AECF9CBB9B}.Debug|x64.ActiveCfg = Debug|x64
		{B65D5DA0-642C-4BD6-B9F7-47AECF9CBB9B}.Debug|x64.Build.0 = Debug|x64
		{B65D5DA0-642C-4BD6-B9F7-47AECF9CBB9B}.Debug|x86.ActiveCfg = Debug|Win32
		{B65D5DA0-642C-4BD6-B9F7-47AECF9CBB9B}.Debug|x86.Build.0 = Debug|Win32
		{B65D5DA0-642C-4BD6-B9F7-47AECF9CBB9B}.Release|x64.ActiveCfg = Release|x64
		{B65D5DA0-642C-4BD6-B9F7-47AECF9CBB9B}.Release|x64.Build.0 = Release|x64
		{B65D5DA0-642C-4BD6-B9F7-47AECF9CBB9B}.Release|x86.ActiveCfg = Release|Win32
		{B65D5DA0-642C-4BD6-B9F7-47AECF9CBB9B}.Release|x86.Build.0 = Release|Win32
		{0662AAF0-58E9-4080-A9E6-3569922148BB}.Debug|x64.ActiveCfg = Debug|x64
		{0662AAF0-58E9-4080-A9E6-3569922148BB}.Debug|x64.Build.0 = Debug|x64
		{0662AAF0-58E9-4080-A9E6-3569922148BB}.Debug|x86.ActiveCfg = Debug|Win32
		{0662AAF0-58E9-4080-A9E6-3569922148BB}.Debug|x86.Build.0 = Debug|Win32
		{0662AAF0-58E9-4080-A9E6-3569922148BB}.Release|x64.ActiveCfg = Release|x64
		{0662AAF0-58E9-4080-A9E6-3569922148BB}.Release|x64.Build.0 = Release|x64
		{0662AAF0-58E9-4080-A9E6-3569922148BB}.Release|x86.ActiveCfg = Release|Win32
		{0662AAF0-58E9-4080-A9E6-3569922148BB}.Release|x86.Build.0 = Release|Win32
		{ACE54B45-25A4-461E-8E73-1C609ECD7C6F}.Debug|x64.ActiveCfg = Debug|x64
		{ACE54B45-25A4-461E-8E73-1C609ECD7C6F}.Debug|x64.Build.0 = Debug|x64
		{ACE54B45-25A4-461E-8E73-1C609ECD7C6F}.Debug|x86.ActiveCfg = Debug|Win32
		{ACE54B45-25A4-461E-8E73-1C609ECD7C6F}.Debug|x86.Build.0 = Debug|Win32
		{ACE54B45-25A4-461E-8E73-1C609ECD7C6F}.Release|x64.ActiveCfg = Release|x64
		{ACE54B45-25A4-461E-8E73-1C609ECD7C6F}.Release|x64.Build.0 = Release|x64
		{ACE54B45-25A4-461E-8E73-1C609ECD7C6F}.Release|x86.ActiveCfg = Release|Win32
		{ACE54B45-25A4-461E-8E73-1C609ECD7C6F}.Release|x86.Build.0 = Release|Win32
		{B5E29179-311E-467F-9E51-A4BA5E6CEDDA}.Debug|x64.ActiveCfg = Debug|x64
		{B5E29179-311E-467F-9E51-A4BA5E6CEDDA}.Debug|x64.Build.0 = Debug|x64
		{B5E29179-311E-467F-9E51-A4BA5E6CEDDA}.Debug|x86.ActiveCfg = Debug|Win32
		{B5E29179-311E-467F-9E51-A4BA5E6CEDDA}.Debug|x86.Build.0 = Debug|Win32
		{B5E29179-311E-467F-9E51-A4BA5E6CEDDA}.Release|x64.ActiveCfg = Release|x64
		{B5E29179-311E-467F-9E51-A4BA5E6CEDDA}.Release|x64.Build.0 = Release|x64
		{B5E29179-311E-467F-9E51-A4BA5E6CEDDA}.Release|x86.ActiveCfg = Release|Win32
		{B5E29179-311E-467F-9E51-A4BA5E6CEDDA}.Release|x86.Build.0 = Release|Win32
		{3629F01A-6FED-42EB-B308-E9F7F1346EAF}.Debug|x64.ActiveCfg = Debug|x64
		{3629F01A-6FED-42EB-B308-E9F7F1346EAF}.Debug|x64.Build.0 = Debug|x64
		{3629F01A-6FED-42EB-B308-E9F7F1346EAF}.Debug|x86.ActiveCfg = Debug|Win32
		{3629F01A-6FED-42EB-B308-E9F7F1346EAF}.Debug|x86.Build.0 = Debug|Win32
		{3629F01A-6FED-42EB-B308-E9F7F1346EAF}.Release|x64.ActiveCfg = Release|x64
		{3629F01A-6FED-42EB-B308-E9F7F1346EAF}.Release|x64.Build.0 = Release|x64
		{3629F01A-6FED-42EB-B308-E9F7F1346EAF}.Release|x86.ActiveCfg = Release|Win32
		{3629F01A-6FED-42EB-B308-E9F7F1346EAF}.Release|x86.Build.0 = Release|Win32
		{34EBA08C-0F31-4C67-8C21-9C1F3743D307}.Debug|x64.ActiveCfg = Debug|x64
		{34EBA08C-0F31-4C67-8C21-9C1F3743D307}.Debug|x64.Build.0 = Debug|x64
		{34EBA08C-0F31-4C67-8C21-9C1F3743D307}.Debug|x86.ActiveCfg = Debug|Win32
		{34EBA08C-0F31-4C67-8C21-9C1F3743D307}.Debug|x86.Build.0 = Debug|Win32
		{34EBA08C-0F31-4C67-8C21-9C1F3743D307}.Release|x64.ActiveCfg = Release|x64
		{34EBA08C-0F31-4C67-8C21-9C1F3743D307}.Release|x64.Build.0 = Release|x64
		{34EBA08C-0F31-4C67-8C21-9C1F3743D307}.Release|x86.ActiveCfg = Release|Win32
		{34EBA08C-0F31-4C67-8C21-9C1F3743D307}.Release|x86.Build.0 = Release|Win32
		{BE9965AB-6CB1-4023-8098-D97740240253}.Debug|x64.ActiveCfg = Debug|x64
		{BE9965AB-6CB1-4023-8098-D97740240253}.Debug|x64.Build.0 = Debug|x64
		{BE9965AB-6CB1-4023-8098-D97740240253}.Debug|x86.ActiveCfg = Debug|Win32
		{BE9965AB-6CB1-4023-8098-D97740240253}.Debug|x86.Build.0 = Debug|Win32
		{BE9965AB-6CB1-4023-8098-D97740240253}.Release|x64.ActiveCfg = Release|x64
		{BE9965AB-6CB1-4023-8098-D97740240253}.Release|x64.Build.0 = Release|x64
		{BE9965AB-6CB1-4023-8098-D97740240253}.Release|x86.ActiveCfg = Release|Win32
		{BE9965AB-6CB1-4023-8098-D97740240253}.Release|x86.Build.0 = Release|Win32
		{E0B52AE7-E160-4D32-BF3F-910B785E5A8E}.Debug|x64.ActiveCfg = Debug|x64
		{E0B52AE7-E160-4D32-BF3F-910B785E5A8E}.Debug|x64.Build.0 = Debug|x64
		{E0B52AE7-E160-4D32-BF3F-910B785E5A8E}.Debug|x86.ActiveCfg = Debug|Win32
		{E0B52AE7-E160-4D32-BF3F-910B785E5A8E}.Debug|x86.Build.0 = Debug|Win32
		{E0B52AE7-E160-4D32-BF3F-910B785E5A8E}.Release|x64.ActiveCfg = Release|x64
		{E0B52AE7-E160-4D32-BF3F-910B785E5A8E}.Release|x64.Build.0 = Release|x64
		{E0B52AE7-E160-4D32-BF3F-910B785E5A8E}.Release|x86.ActiveCfg = Release|Win32
		{E0B52AE7-E160-4D32-BF3F-910B785E5A8E}.Release|x86.Build.0 = Release|Win32
		{65F2231D-FB85-4703-881B-260D58692533}.Debug|x64.ActiveCfg = Debug|x64
		{65F2231D-FB85-4703-881B-260D58692533}.Debug|x64.Build.0 = Debug|x64
		{65F2231D-FB85-4703-881B-260D58692533}.Debug|x86.ActiveCfg = Debug|Win32
		{65F2231D-FB85-4703-881B-260D58692533}.Debug|x86.Build.0 = Debug|Win32
		{65F2231D-FB85-4703-881B-260D58692533}.Release|x64.ActiveCfg = Release|x64
		{65F2231D-FB85-4703-881B-260D58692533}.Release|x64.Build.0 = Release|x64
		{65F2231D-FB85-4703-881B-260D58692533}.Release|x86.ActiveCfg = Release|Win32
		{65F2231D-FB85-4703-881B-260D58692533}.Release|x86.Build.0 = Release|Win32
		{228431E1-BC30-4170-A212-59BD12A4628A}.Debug|x64.ActiveCfg = Debug|x64
		{228431E1-BC30-4170-A212-59BD12A4628A}.Debug|x64.Build.0 = Debug|x64
		{228431E1-BC30-4170-A212-59BD12A4628A}.Debug|x86.ActiveCfg = Debug|Win32
		{228431E1-BC30-4170-A212-59BD12A4628A}.Debug|x86.Build.0 = Debug|Win32
		{228431E1-BC30-4170-A212-59BD12A4628A}.Release|x64.ActiveCfg = Release|x64
		{228431E1-BC30-4170-A212-59BD12A4628A}.Release|x64.Build.0 = Release|x64
		{228431E1-BC30-4170-A212-59BD12A4628A}.Release|x86.ActiveCfg = Release|Win32
		{228431E1-BC30-4170-A212-59BD12A4628A}.Release|x86.Build.0 = Release|Win32
		{52D656A2-A2F4-4C54-A3C7-653427BED1E8}.Debug|x64.ActiveCfg = Debug|x64
		{52D656A2-A2F4-4C54-A3C7-653427BED1E8}.Debug|x64.Build.0 = Debug|x64
		{52D656A2-A2F4-4C54-A3C7-653427BED1E8}.Debug|x86.ActiveCfg = Debug|Win32
		{52D656A2-A2F4-4C54-A3C7-653427BED1E8}.Debug|x86.Build.0 = Debug|Win32
		{52D656A2-A2F4-4C54-A3C7-653427BED1E8}.Release|x64.ActiveCfg = Release|x64
		{52D656A2-A2F4-4C54-A3C7-653427BED1E8}.Release|x64.Build.0 = Release|x64
		{52D656A2-A2F4-4C54-A3C7-653427BED1E8}.Release|x86.ActiveCfg = Release|Win32
		{52D656A2-A2F4-4C54-A3C7-653427BED1E8}.Release|x86.Build.0 = Release|Win32
		{655FDAF0-D851-44F1-9788-FDEC619C2818}.Debug|x64.ActiveCfg = Debug|x64
		{655FDAF0-D851-44F1-9788-FDEC619C2818}.Debug|x64.Build.0 = Debug|x64
		{655FDAF0-D851-44F1-9788-FDEC619C2818}.Debug|x86.ActiveCfg = Debug|Win32
		{655FDAF0-D851-44F1-9788-FDEC619C2818}.Debug|x86.Build.0 = Debug|Win32
		{655FDAF0-D851-44F1-9788-FDEC619C2818}.Release|x64.ActiveCfg = Release|x64
		{655FDAF0-D851-44F1-9788-FDEC619C2818}.Release|x64.Build.0 = Release|x64
		{655FDAF0-D851-44F1-9788-FDEC619C2818}.Release|x86.ActiveCfg = Release|Win32
		{655FDAF0-D851-44F1-9788-FDEC619C2818}.Release|x86.Build.0 = Release|Win32
		{F565E1FA-D1AA-4A88-AC7E-3903B8CF8B3A}.Debug|x64.ActiveCfg = Debug|x64
		{F565E1FA-D1AA-4A88-AC7E-3903B8CF8B3A}.Debug|x64.Build.0 = Debug|x64
		{F565E1FA-D1AA-4A88-AC7E-3903B8CF8B3A}.Debug|x86.ActiveCfg = Debug|Win32
		{F565E1FA-D1AA-4A88-AC7E-3903B8CF8B3A}.Debug|x86.Build.0 = Debug|Win32
		{F565E1FA-D1AA-4A88-AC7E-3903B8CF8B3A}.Release|x64.ActiveCfg = Release|x64
		{F565E1FA-D1AA-4A88-AC7E-3903B8CF8B3A}.Release|x64.Build.0 = Release|x64
		{F565E1FA-D1AA-4A88-AC7E-3903B8CF8B3A}.Release|x86.ActiveCfg = Release|Win32
		{F565E1FA-D1AA-4A88-AC7E-3903B8CF8B3A}.Release|x86.Build.0 = Release|Win32
		{B04C3E0A-464B-4A0E-B97D-26EAC76B742A}.Debug|x64.ActiveCfg = Debug|x64
		{B04C3E0A-464B-4A0E-B97D-26EAC76B742A}.Debug|x64.Build.0 = Debug|x64
		{B04C3E0A-464B-4A0E-B97D-26EAC76B742A}.Debug|x86.ActiveCfg = Debug|Win32
		{B04C3E0A-464B-4A0E-B97D-26EAC76B742A}.Debug|x86.Build.0 = Debug|Win32
		{B04C3E0A-464B-4A0E-B97D-26EAC76B742A}.Release|x64.ActiveCfg = Release|x64
		{B04C3E0A-464B-4A0E-B97D-26EAC76B742A}.Release|x64.Build.0 = Release|x64
		{B04C3E0A-464B-4A0E-B97D-26EAC76B742A}.Release|x86.ActiveCfg = Release|Win32
		{B04C3E0A-464B-4A0E-B97D-26EAC76B742A}.Release|x86.Build.0 = Release|Win32
		{D6086ECE-8B21-4398-928F-1201A965CDE3}.Debug|x64.ActiveCfg = Debug|x64
		{D6086ECE-8B21-4398-928F-1201A965CDE3}.Debug|x64.Build.0 = Debug|x64
		{D6086ECE-8B21-4398-928F-1201A965CDE3}.Debug|x86.ActiveCfg = Debug|Win32
		{D6086ECE-8B21-4398-928F-1201A965CDE3}.Debug|x86.Build.0 = Debug|Win32
		{D6086ECE-8B21-4398-928F-1201A965CDE3}.Release|x64.ActiveCfg = Release|x64
		{D6086ECE-8B21-4398-928F-1201A965CDE3}.Release|x64.Build.0 = Release|x64
		{D6086ECE-8B21-4398-928F-1201A965CDE3}.Release|x86.ActiveCfg = Release|Win32
		{D6086ECE-8B21-4398-928F-1201A965CDE3}.Release|x86.Build.0 = Release|Win32
		{39B73BB2-641E-4B58-951A-7CBD8CDC34DE}.Debug|x64.ActiveCfg = Debug|x64
		{39B73BB2-641E-4B58-951A-7CBD8CDC34DE}.Debug|x64.Build.0 = Debug|x64
		{39B73BB2-641E-4B58-951A-7CBD8CDC34DE}.Debug|x86.ActiveCfg = Debug|Win32
		{39B73BB2-641E-4B58-951A-7CBD8CDC34DE}.Debug|x86.Build.0 = Debug|Win32
		{39B73BB2-641E-4B58-951A-7CBD8CDC34DE}.Release|x64.ActiveCfg = Release|x64
		{39B73BB2-641E-4B58-951A-7CBD8CDC34DE}.Release|x64.Build.0 = Release|x64
		{39B73BB2-641E-4B58-951A-7CBD8CDC34DE}.Release|x86.ActiveCfg = Release|Win32
		{39B73BB2-641E-4B58-951A-7CBD8CDC34DE}.Release|x86.Build.0 = Release|Win32
		{3B6E6A43-AD4F-4F84-813C-02CF063390FA}.Debug|x64.ActiveCfg = Debug|x64
		{3B6E6A43-AD4F-4F84-813C-02CF063390FA}.Debug|x64.Build.0 = Debug|x64
		{3B6E6A43-AD4F-4F84-813C-02CF063390FA}.Debug|x86.ActiveCfg = Debug|Win32
		{3B6E6A43-AD4F-4F84-813C-02CF063390FA}.Debug|x86.Build.0 = Debug|Win32
		{3B6E6A43-AD4F-4F84-813C-02CF063390FA}.Release|x64.ActiveCfg = Release|x64
		{3B6E6A43-AD4F-4F84-813C-02CF063390FA}.Release|x64.Build.0 = Release|x64
		{3B6E6A43-AD4F-4F84-813C-02CF063390FA}.Release|x86.ActiveCfg = Release|Win32
		{3B6E6A43-AD4F-4F84-813C-02CF063390FA}.Release|x86.Build.0 = Release|Win32
		{0597EAF1-6B45-4307-83BA-AEE19F589DA2}.Debug|x64.ActiveCfg = Debug|x64
		{0597EAF1-6B45-4307-83BA-AEE19F589DA2}.Debug|x64.Build.0 = Debug|x64
		{0597EAF1-6B45-4307-83BA-AEE19F589DA2}.Debug|x86.ActiveCfg = Debug|Win32
		{0597EAF1-6B45-4307-83BA-AEE19F589DA2}.Debug|x86.Build.0 = Debug|Win32
		{0597EAF1-6B45-4307-83BA-AEE19F589DA2}.Release|x64.ActiveCfg = Release|x64
		{0597EAF1-6B45-4307-83BA-AEE19F589DA2}.Release|x64.Build.0 = Release|x64
		{0597EAF1-6B45-4307-83BA-AEE19F589DA2}.Release|x86.ActiveCfg = Release|Win32
		{0597EAF1-6B45-4307-83BA-AEE19F589DA2}.Release|x86.Build.0 = Release|Win32
		{304EC411-05B9-46F2-AB27-A2C96E71A57A}.Debug|x64.ActiveCfg = Debug|x64
		{304EC411-05B9-46F2-AB27-A2C96E71A57A}.Debug|x64.Build.0 = Debug|x64
		{304EC411-05B9-46F2-AB27-A2C96E71A57A}.Debug|x86.ActiveCfg = Debug|Win32
		{304EC411-05B9-46F2-AB27-A2C96E71A57A}.Debug|x86.Build.0 = Debug|Win32
		{304EC411-05B9-46F2-AB27-A2C96E71A57A}.Release|x64.ActiveCfg = Release|x64
		{304EC411-05B9-46F2-AB27-A2C96E71A57A}.Release|x64.Build.0 = Release|x64
		{304EC411-05B9-46F2-AB27-A2C96E71A57A}.Release|x86.ActiveCfg = Release|Win32
		{304EC411-05B9-46F2-AB27-A2C96E71A57A}.Release|x86.Build.0 = Release|Win32
		{0BA1E438-EF2C-4E33-9544-40529D653F2C}.Debug|x64.ActiveCfg = Debug|x64
		{0BA1E438-EF2C-4E33-9544-40529D653F2C}.Debug|x64.Build.0 = Debug|x64
		{0BA1E438-EF2C-4E33-9544-40529D653F2C}.Debug|x86.ActiveCfg = Debug|Win32
		{0BA1E438-EF2C-4E33-9544-40529D653F2C}.Debug|x86.Build.0 = Debug|Win32
		{0BA1E438-EF2C-4E33-9544-40529D653F2C}.Release|x64.ActiveCfg = Release|x64
		{0BA1E438-EF2C-4E33-9544-40529D653F2C}.Release|x64.Build.0 = Release|x64
		{0BA1E438-EF2C-4E33-9544-40529D653F2C}.Release|x86.ActiveCfg = Release|Win32
		{0BA1E438-EF2C-4E33-9544-40529D653F2C}.Release|x86.Build.0 = Release|Win32
		{06639C43-0E16-4247-8F1F-7F76A970355E}.Debug|x64.ActiveCfg = Debug|x64
		{06639C43-0E16-4247-8F1F-7F76A970355E}.Debug|x64.Build.0 = Debug|x64
		{06639C43-0E16-4247-8F1F-7F76A970355E}.Debug|x86.ActiveCfg = Debug|Win32
		{06639C43-0E16-4247-8F1F-7F76A970355E}.Debug|x86.Build.0 = Debug|Win32
		{06639C43-0E16-4247-8F1F-7F76A970355E}.Release|x64.ActiveCfg = Release|x64
		{06639C43-0E16-4247-8F1F-7F76A970355E}.Release|x64.Build.0 = Release|x64
		{06639C43-0E16-4247-8F1F-7F76A970355E}.Release|x86.ActiveCfg = Release|Win32
		{06639C43-0E16-4247-8F1F-7F76A970355E}.Release|x86.Build.0 = Release|Win32
		{907602BC-BA4E-409D-9ED8-9882CDBB6C4A}.Debug|x64.ActiveCfg = Debug|x64
		{907602BC-BA4E-409D-9ED8-9882CDBB6C4A}.Debug|x64.Build.0 = Debug|x64
		{907602BC-BA4E-409D-9ED8-9882CDBB6C4A}.Debug|x86.ActiveCfg = Debug|Win32
		{907602BC-BA4E-409D-9ED8-9882CDBB6C4A}.Debug|x86.Build.0 = Debug|Win32
		{907602BC-BA4E-409D-9ED8-9882CDBB6C4A}.Release|x64.ActiveCfg = Release|x64
		{907602BC-BA4E-409D-9ED8-9882CDBB6C4A}.Release|x64.Build.0 = Release|x64
		{907602BC-BA4E-409D-9ED8-9882CDBB6C4A}.Release|x86.ActiveCfg = Release|Win32
		{907602BC-BA4E-409D-9ED8-9882CDBB6C4A}.Release|x86.Build.0 = Release|Win32
		{516192EB-788A-4FE7-B2B7-2EF9AC036B12}.Debug|x64.ActiveCfg = Debug|x64
		{516192EB-788A-4FE7-B2B7-2EF9AC036B12}.Debug|x64.Build.0 = Debug|x64
		{516192EB-788A-4FE7-B2B7-2EF9AC036B12}.Debug|x86.ActiveCfg = Debug|Win32
		{516192EB-788A-4FE7-B2B7-2EF9AC036B12}.Debug|x86.Build.0 = Debug|Win32
		{516192EB-788A-4FE7-B2B7-2EF9AC036B12}.Release|x64.ActiveCfg = Release|x64
		{516192EB-788A-4FE7-B2B7-2EF9AC036B12}.Release|x64.Build.0 = Release|x64
		{516192EB-788A-4FE7-B2B7-2EF9AC036B12}.Release|x86.ActiveCfg = Release|Win32
		{516192EB-788A-4FE7-B2B7-2EF9AC036B12}.Release|x86.Build.0 = Release|Win32
		{18B60C67-7EAF-4087-8302-911061A640BD}.Debug|x64.ActiveCfg = Debug|x64
		{18B60C67-7EAF-4087-8302-911061A640BD}.Debug|x64.Build.0 = Debug|x64
		{18B60C67-7EAF-4087-8302-911061A640BD}.Debug|x86.ActiveCfg = Debug|Win32
		{18B60C67-7EAF-4087-8302-911061A640BD}.Debug|x86.Build.0 = Debug|Win32
		{18B60C67-7EAF-4087-8302-911061A640BD}.Release|x64.ActiveCfg = Release|x64
		{18B60C67-7EAF-4087-8302-911061A640BD}.Release|x64.Build.0 = Release|x64
		{18B60C67-7EAF-4087-8302-911061A640BD}.Release|x86.ActiveCfg = Release|Win32
		{18B60C67-7EAF-4087-8302-911061A640BD}.Release|x86.Build.0 = Release|Win32
		{4026D811-4CE8-418F-8B31-09C1C02A54BC}.Debug|x64.ActiveCfg = Debug|x64
		{4026D811-4CE8-418F-8B31-09C1C02A54BC}.Debug|x64.Build.0 = Debug|x64
		{4026D811-4CE8-418F-8B31-09C1C02A54BC}.Debug|x86.ActiveCfg = Debug|Win32
		{4026D811-4CE8-418F-8B31-09C1C02A54BC}.Debug|x86.Build.0 = Debug|Win32
		{4026D811-4CE8-418F-8B31-09C1C02A54BC}.Release|x64.ActiveCfg = Release|x64
		{4026D811-4CE8-418F-8B31-09C1C02A54BC}.Release|x64.Build.0 = Release|x64
		{4026D811-4CE8-418F-8B31-09C1C02A54BC}.Release|x86.ActiveCfg = Release|Win32
		{4026D811-4CE8-418F-8B31-09C1C02A54BC}.Release|x86.Build.0 = Release|Win32
		{1834BE74-7116-40A3-B44C-729D752C561F}.Debug|x64.ActiveCfg = Debug|x64
		{1834BE74-7116-40A3-B44C-729D752C561F}.Debug|x64.Build.0 = Debug|x64
		{1834BE74-7116-40A3-B44C-729D752C561F}.Debug|x86.ActiveCfg = Debug|Win32
		{1834BE74-7116-40A3-B44C-729D752C561F}.Debug|x86.Build.0 = Debug|Win32
		{1834BE74-7116-40A3-B44C-729D752C561F}.Release|x64.ActiveCfg = Release|x64
		{1834BE74-7116-40A3-B44C-729D752C561F}.Release|x64.Build.0 = Release|x64
		{1834BE74-7116-40A3-B44C-729D752C561F}.Release|x86.ActiveCfg = Release|Win32
		{1834BE74-7116-40A3-B44C-729D752C561F}.Release|x86.Build.0 = Release|Win32
		{0B9B7920-2146-49BD-9699-F4294A5E5A2F}.Debug|x64.ActiveCfg = Debug|x64
		{0B9B7920-2146-49BD-9699-F4294A5E5A2F}.Debug|x64.Build.0 = Debug|x64
		{0B9B7920-2146-49BD-9699-F4294A5E5A2F}.Debug|x86.ActiveCfg = Debug|Win32
		{0B9B7920-2146-49BD-9699-F4294A5E5A2F}.Debug|x86.Build.0 = Debug|Win32
		{0B9B7920-2146-49BD-9699-F4294A5E5A2F}.Release|x64.ActiveCfg = Release|x64
		{0B9B7920-2146-49BD-9699-F4294A5E5A2F}.Release|x64.Build.0 = Release|x64
		{0B9B7920-2146-49BD-9699-F4294A5E5A2F}.Release|x86.ActiveCfg = Release|Win32
		{0B9B7920-2146-49BD-9699-F4294A5E5A2F}.Release|x86.Build.0 = Release|Win32
		{D9DE0E07-DE4B-46B8-86D8-E20344A13C84}.Debug|x64.ActiveCfg = Debug|x64
		{D9DE0E07-DE4B-46B8-86D8-E20344A13C84}.Debug|x64.Build.0 = Debug|x64
		{D9DE0E07-DE4B-46B8-86D8-E20344A13C84}.Debug|x86.ActiveCfg = Debug|Win32
		{D9DE0E07-DE4B-46B8-86D8-E20344A13C84}.Debug|x86.Build.0 = Debug|Win32
		{D9DE0E07-DE4B-46B8-86D8-E20344A13C84}.Release|x64.ActiveCfg = Release|x64
		{D9DE0E07-DE4B-46B8-86D8-E20344A13C84}.Release|x64.Build.0 = Release|x64
		{D9DE0E07-DE4B-46B8-86D8-E20344A13C84}.Release|x86.ActiveCfg = Release|Win32
		{D9DE0E07-DE4B-46B8-86D8-E20344A13C84}.Release|x86.Build.0 = Release|Win32
		{2DCB6BAF-1C9A-492C-9336-6405F0390CA8}.Debug|x64.ActiveCfg = Debug|x64
		{2DCB6BAF-1C9A-492C-9336-6405F0390CA8}.Debug|x64.Build.0 = Debug|x64
		{2DCB6BAF-1C9A-492C-9336-6405F0390CA8}.Debug|x86.ActiveCfg = Debug|Win32
		{2DCB6BAF-1C9A-492C-9336-6405F0390CA8}.Debug|x86.Build.0 = Debug|Win32
		{2DCB6BAF-1C9A-492C-9336-6405F0390CA8}.Release|x64.ActiveCfg = Release|x64
		{2DCB6BAF-1C9A-492C-9336-6405F0390CA8}.Release|x64.Build.0 = Release|x64
		{2DCB6BAF-1C9A-492C-9336-6405F0390CA8}.Release|x86.ActiveCfg = Release|Win32
		{2DCB6BAF-1C9A-492C-9336-6405F0390CA8}.Release|x86.Build.0 = Release|Win32
	EndGlobalSection
	GlobalSection(SolutionProperties) = preSolution
		HideSolutionNode = FALSE
	EndGlobalSection
	GlobalSection(NestedProjects) = preSolution
		{493223D0-2810-4419-92FA-85D01358172A} = {1EB192D8-3358-49A1-8887-AE14885D0651}
		{8F4B88B4-5E01-41EC-B493-C849695E3BEA} = {7AC7C15C-4D75-4134-A969-AB7C533A7C92}
		{B65D5DA0-642C-4BD6-B9F7-47AECF9CBB9B} = {7AC7C15C-4D75-4134-A969-AB7C533A7C92}
		{0662AAF0-58E9-4080-A9E6-3569922148BB} = {7AC7C15C-4D75-4134-A969-AB7C533A7C92}
		{ACE54B45-25A4-461E-8E73-1C609ECD7C6F} = {0CC862A2-784B-4F17-8D2E-A5C0EA266108}
		{B5E29179-311E-467F-9E51-A4BA5E6CEDDA} = {0CC862A2-784B-4F17-8D2E-A5C0EA266108}
		{04549DBF-8F46-4D16-9166-1948C0780DA2} = {A0233C06-4343-44EE-9775-06633180C822}
		{3629F01A-6FED-42EB-B308-E9F7F1346EAF} = {7AC7C15C-4D75-4134-A969-AB7C533A7C92}
		{34EBA08C-0F31-4C67-8C21-9C1F3743D307} = {0CC862A2-784B-4F17-8D2E-A5C0EA266108}
		{BE9965AB-6CB1-4023-8098-D97740240253} = {0CC862A2-784B-4F17-8D2E-A5C0EA266108}
		{E0B52AE7-E160-4D32-BF3F-910B785E5A8E} = {C5BFC193-0FB4-4593-AE46-FC9EBC8283DA}
		{65F2231D-FB85-4703-881B-260D58692533} = {0CC862A2-784B-4F17-8D2E-A5C0EA266108}
		{228431E1-BC30-4170-A212-59BD12A4628A} = {0CC862A2-784B-4F17-8D2E-A5C0EA266108}
		{52D656A2-A2F4-4C54-A3C7-653427BED1E8} = {C5BFC193-0FB4-4593-AE46-FC9EBC8283DA}
		{655FDAF0-D851-44F1-9788-FDEC619C2818} = {0CC862A2-784B-4F17-8D2E-A5C0EA266108}
		{F565E1FA-D1AA-4A88-AC7E-3903B8CF8B3A} = {FC036602-0739-42C2-984B-01187BE78843}
		{B04C3E0A-464B-4A0E-B97D-26EAC76B742A} = {F9B9F22D-F3E8-470A-8470-13EC30EF628D}
		{79EADF18-78F9-4E4B-BD5E-5DF429E336A1} = {C5BFC193-0FB4-4593-AE46-FC9EBC8283DA}
		{D6086ECE-8B21-4398-928F-1201A965CDE3} = {FC036602-0739-42C2-984B-01187BE78843}
		{39B73BB2-641E-4B58-951A-7CBD8CDC34DE} = {FC036602-0739-42C2-984B-01187BE78843}
		{3B6E6A43-AD4F-4F84-813C-02CF063390FA} = {FC036602-0739-42C2-984B-01187BE78843}
		{0597EAF1-6B45-4307-83BA-AEE19F589DA2} = {FC036602-0739-42C2-984B-01187BE78843}
		{304EC411-05B9-46F2-AB27-A2C96E71A57A} = {70E41832-71BE-4D3A-81AE-5C2208D07717}
		{0BA1E438-EF2C-4E33-9544-40529D653F2C} = {70E41832-71BE-4D3A-81AE-5C2208D07717}
		{06639C43-0E16-4247-8F1F-7F76A970355E} = {70E41832-71BE-4D3A-81AE-5C2208D07717}
		{907602BC-BA4E-409D-9ED8-9882CDBB6C4A} = {70E41832-71BE-4D3A-81AE-5C2208D07717}
		{516192EB-788A-4FE7-B2B7-2EF9AC036B12} = {C5BFC193-0FB4-4593-AE46-FC9EBC8283DA}
		{18B60C67-7EAF-4087-8302-911061A640BD} = {7AC7C15C-4D75-4134-A969-AB7C533A7C92}
		{4026D811-4CE8-418F-8B31-09C1C02A54BC} = {70E41832-71BE-4D3A-81AE-5C2208D07717}
		{1834BE74-7116-40A3-B44C-729D752C561F} = {70E41832-71BE-4D3A-81AE-5C2208D07717}
		{0B9B7920-2146-49BD-9699-F4294A5E5A2F} = {70E41832-71BE-4D3A-81AE-5C2208D07717}
		{D9DE0E07-DE4B-46B8-86D8-E20344A13C84} = {70E41832-71BE-4D3A-81AE-5C2208D07717}
		{2DCB6BAF-1C9A-492C-9336-6405F0390CA8} = {70E41832-71BE-4D3A-81AE-5C2208D07717}
	EndGlobalSection
	GlobalSection(ExtensibilityGlobals) = postSolution
		SolutionGuid = {6D0AC193-6F87-4854-B7B1-0619DF878E8F}
	EndGlobalSection
EndGlobal
